version = 1
revision = 2
requires-python = ">=3.13"

[[package]]
name = "sqlglot"
version = "27.7.0"
source = { registry = "https://mirrors.aliyun.com/pypi/simple" }
sdist = { url = "https://mirrors.aliyun.com/pypi/packages/46/0a/6baff44ba014f250c16a0707deb9ebd14a384ebc7afecb95cc3ef20e1c7b/sqlglot-27.7.0.tar.gz", hash = "sha256:6bedac6c57d1b89c3ca2c392e0235305ea1a35b43fced91b6ef485dc64877ae1" }
wheels = [
    { url = "https://mirrors.aliyun.com/pypi/packages/e5/88/536ae39a5abfcdf8b3343bfc309dbafe1b9b72653a62b11e539f34f3d16f/sqlglot-27.7.0-py3-none-any.whl", hash = "sha256:cc4ee8fb780636a6f2d5b5c6624e0466ba38b0a8e6588f560ee229a71e33234d" },
]

[package.optional-dependencies]
rs = [
    { name = "sqlglotrs" },
]

[[package]]
name = "sqlglotrs"
version = "0.6.1"
source = { registry = "https://mirrors.aliyun.com/pypi/simple" }
sdist = { url = "https://mirrors.aliyun.com/pypi/packages/59/13/e77dcfd72b849a113bea7ccee79329f77751704e66560410176b1f4657f9/sqlglotrs-0.6.1.tar.gz", hash = "sha256:f638a7a544698ade8b0c992c8c67feae17bd5c2c760114ab164bd0b7dc8911e1" }
wheels = [
    { url = "https://mirrors.aliyun.com/pypi/packages/62/3a/3fcfc7bf5be95f7f8329d8ad5e754eecf7854650b441a928bdde6ec9b3fc/sqlglotrs-0.6.1-cp313-cp313-macosx_10_12_x86_64.whl", hash = "sha256:a45be4a8bbc178f4372c921212f5ffb471480f3e4ee65e6bd787a27cfd0efea3" },
    { url = "https://mirrors.aliyun.com/pypi/packages/53/5a/3d0a8e1c7e9b5e668b65c03a11e19d187d0d29e56843097a51210df3e1b4/sqlglotrs-0.6.1-cp313-cp313-macosx_11_0_arm64.whl", hash = "sha256:8e908087ccb080c880b1f6e32e46b2b62b0a47173165a430ce768ae00c080cf6" },
    { url = "https://mirrors.aliyun.com/pypi/packages/f3/dc/0df45233486ecbb92ba565cb7fb648a04077ead1291b80dd9180dbe80bca/sqlglotrs-0.6.1-cp313-cp313-manylinux_2_17_aarch64.manylinux2014_aarch64.whl", hash = "sha256:e73187d189c022e839bd97a07fb4182521e2da988e71b2a7f5ec8e431a5cd02d" },
    { url = "https://mirrors.aliyun.com/pypi/packages/4d/16/8e105246d8bf8a228331568844f4300c3163659af2b2408d068d6778047e/sqlglotrs-0.6.1-cp313-cp313-manylinux_2_17_armv7l.manylinux2014_armv7l.whl", hash = "sha256:bf120d8414c8d6696d42913eea4e4d512ee9e5fa8b308597b000386953ef931a" },
    { url = "https://mirrors.aliyun.com/pypi/packages/24/19/36e941fa2579375c989c55969fc2fe79eeded574681b4a7bd33cc2d5dff4/sqlglotrs-0.6.1-cp313-cp313-manylinux_2_17_ppc64le.manylinux2014_ppc64le.whl", hash = "sha256:79f3779bf183ff4834db658a8ad34d0b58ccbae4f3cea5e5439f964d65d93d5d" },
    { url = "https://mirrors.aliyun.com/pypi/packages/91/7b/33c670d01087b9132db644b1863c97c8c8482a26d37bfdb9a92de101e30f/sqlglotrs-0.6.1-cp313-cp313-manylinux_2_17_s390x.manylinux2014_s390x.whl", hash = "sha256:86af5a86f8482ea1f462b120711951602ea3663129fce6392e035f3f100bbebe" },
    { url = "https://mirrors.aliyun.com/pypi/packages/b8/e6/cb32feedd4749f143a645eef8a8b17fe3396aa742633b5d76016c5d727ed/sqlglotrs-0.6.1-cp313-cp313-manylinux_2_17_x86_64.manylinux2014_x86_64.whl", hash = "sha256:218780ffc1012702b335e94989bf3198f8157b44fab68b95ff842e2cdd73288b" },
    { url = "https://mirrors.aliyun.com/pypi/packages/bf/21/f5b07a2a48b8ba0ebd61f873eba81833cfd3542918f3db1f21595674f22a/sqlglotrs-0.6.1-cp313-cp313-manylinux_2_5_i686.manylinux1_i686.whl", hash = "sha256:e2e8d355e0d20bd049d7e9f90bb9eea4f26bbdd8b2d980162041be7e595dbb1a" },
    { url = "https://mirrors.aliyun.com/pypi/packages/88/3c/f605828c9b9e38eaf093237c05697d8bfa442e94bb7f3e29481f9a6063db/sqlglotrs-0.6.1-cp313-cp313-win32.whl", hash = "sha256:18e2c36e8e45a940c609cd82d795de62cb6995d7e240bc4e876f709f0fd123a1" },
    { url = "https://mirrors.aliyun.com/pypi/packages/5c/9b/2cfa9e74f411bdede6b3b645cd44b1fae8e9b53fd4f856fae9b628465483/sqlglotrs-0.6.1-cp313-cp313-win_amd64.whl", hash = "sha256:0a11d2b590e8a740d6360dc51fc6414a62f08d4599669e23e78fa0d9be281ee9" },
]

[[package]]
name = "sqlhelper-v2"
version = "0.1.0"
source = { virtual = "." }
dependencies = [
    { name = "sqlglot", extra = ["rs"] },
]

[package.metadata]
requires-dist = [{ name = "sqlglot", extras = ["rs"], specifier = ">=27.7.0" }]
